
Microsoft Visual Studio Solution File, Format Version 12.00
Project("{2150E333-8FDC-42A3-9474-1A3956D46DE8}") = "src", "src", "{5EB79813-D380-4559-B141-02CE2C3580C6}"
EndProject
Project("{2150E333-8FDC-42A3-9474-1A3956D46DE8}") = "test", "test", "{DCE90CDB-BBBB-4211-8B7A-16667198A280}"
EndProject
Project("{2150E333-8FDC-42A3-9474-1A3956D46DE8}") = "Application", "Application", "{712D9FDC-5378-40BD-9E00-FE15F089B09B}"
EndProject
Project("{2150E333-8FDC-42A3-9474-1A3956D46DE8}") = "Bff", "Bff", "{D58DDE5F-2F93-4C37-A65C-B77D1D414CAF}"
EndProject
Project("{2150E333-8FDC-42A3-9474-1A3956D46DE8}") = "Common", "Common", "{3324BF65-44AC-40B7-9923-128C59C8E572}"
EndProject
Project("{FAE04EC0-301F-11D3-BF4B-00C04F79EFBC}") = "Mately.Common", "src\Application\Common\Mately.Common\Mately.Common.csproj", "{9F364E96-3D3E-4CA7-B918-9C00E3C0B4D9}"
EndProject
Project("{2150E333-8FDC-42A3-9474-1A3956D46DE8}") = "Services", "Services", "{FAC69778-BB75-4B68-9FBE-74A8911F02B1}"
EndProject
Project("{2150E333-8FDC-42A3-9474-1A3956D46DE8}") = "Identity", "Identity", "{B49D48F6-03B4-4C46-9769-F4D33D2BC0AD}"
EndProject
Project("{FAE04EC0-301F-11D3-BF4B-00C04F79EFBC}") = "Mately.Indentity.API", "src\Application\Identity\Mately.Indentity.API\Mately.Indentity.API.csproj", "{B8976D12-737C-4773-874A-63E23EF689CD}"
EndProject
Project("{2150E333-8FDC-42A3-9474-1A3956D46DE8}") = "Match", "Match", "{314D2636-F4AD-4A4F-A887-A1BD545026D9}"
EndProject
Project("{FAE04EC0-301F-11D3-BF4B-00C04F79EFBC}") = "Mately.Services.Match.Business", "src\Application\Services\Match\Mately.Services.Match.Business\Mately.Services.Match.Business.csproj", "{97323AE8-0B9A-4700-8BFE-27ABA554F510}"
EndProject
Project("{FAE04EC0-301F-11D3-BF4B-00C04F79EFBC}") = "Mately.Services.Match.Domain", "src\Application\Services\Match\Mately.Services.Match.Domain\Mately.Services.Match.Domain.csproj", "{54A1974F-81A2-4F3F-9662-5AB182383C22}"
EndProject
Project("{FAE04EC0-301F-11D3-BF4B-00C04F79EFBC}") = "Mately.Services.Match.Infrastructure", "src\Application\Services\Match\Mately.Services.Match.Infrastructure\Mately.Services.Match.Infrastructure.csproj", "{BC316074-B2AB-4377-AE26-60F92852FF93}"
EndProject
Project("{FAE04EC0-301F-11D3-BF4B-00C04F79EFBC}") = "Mately.Services.Match.Repository", "src\Application\Services\Match\Mately.Services.Match.Repository\Mately.Services.Match.Repository.csproj", "{ADDC2D81-03B5-4E3C-B09A-AB20F8964B25}"
EndProject
Project("{FAE04EC0-301F-11D3-BF4B-00C04F79EFBC}") = "Mately.Services.Match.API", "src\Application\Services\Match\Mately.Services.Match.API\Mately.Services.Match.API.csproj", "{C4CEFD5A-570A-4DE5-940F-65FAA9067C48}"
EndProject
Project("{2150E333-8FDC-42A3-9474-1A3956D46DE8}") = "Message", "Message", "{B35AF490-05BC-4BED-B4B8-CB2990836CB0}"
EndProject
Project("{2150E333-8FDC-42A3-9474-1A3956D46DE8}") = "Photo", "Photo", "{2CDD5B51-9E00-48A0-9931-E603B5AF7CF1}"
EndProject
Project("{2150E333-8FDC-42A3-9474-1A3956D46DE8}") = "Payment", "Payment", "{CFB60B25-D11F-41B5-9361-14FD10F51189}"
EndProject
Project("{2150E333-8FDC-42A3-9474-1A3956D46DE8}") = "Notification", "Notification", "{E511D161-CD8C-494E-9CF1-CD1B1FB1DA70}"
EndProject
Project("{2150E333-8FDC-42A3-9474-1A3956D46DE8}") = "Client", "Client", "{F8DA5492-A6C3-450C-9942-57E4DA2FD19F}"
EndProject
Project("{2150E333-8FDC-42A3-9474-1A3956D46DE8}") = "Cms", "Cms", "{61FB4A97-D15E-441A-B6F2-4A652A5D51D3}"
EndProject
Project("{2150E333-8FDC-42A3-9474-1A3956D46DE8}") = "Mobile", "Mobile", "{F8641DFF-0AD6-4B86-A02A-42C178E06C8A}"
EndProject
Project("{2150E333-8FDC-42A3-9474-1A3956D46DE8}") = "Web", "Web", "{822D049E-0A70-4405-8B84-099A364107CF}"
EndProject
Global
	GlobalSection(SolutionConfigurationPlatforms) = preSolution
		Debug|Any CPU = Debug|Any CPU
		Release|Any CPU = Release|Any CPU
	EndGlobalSection
	GlobalSection(NestedProjects) = preSolution
		{712D9FDC-5378-40BD-9E00-FE15F089B09B} = {5EB79813-D380-4559-B141-02CE2C3580C6}
		{D58DDE5F-2F93-4C37-A65C-B77D1D414CAF} = {5EB79813-D380-4559-B141-02CE2C3580C6}
		{3324BF65-44AC-40B7-9923-128C59C8E572} = {712D9FDC-5378-40BD-9E00-FE15F089B09B}
		{9F364E96-3D3E-4CA7-B918-9C00E3C0B4D9} = {3324BF65-44AC-40B7-9923-128C59C8E572}
		{FAC69778-BB75-4B68-9FBE-74A8911F02B1} = {712D9FDC-5378-40BD-9E00-FE15F089B09B}
		{B49D48F6-03B4-4C46-9769-F4D33D2BC0AD} = {712D9FDC-5378-40BD-9E00-FE15F089B09B}
		{B8976D12-737C-4773-874A-63E23EF689CD} = {B49D48F6-03B4-4C46-9769-F4D33D2BC0AD}
		{314D2636-F4AD-4A4F-A887-A1BD545026D9} = {FAC69778-BB75-4B68-9FBE-74A8911F02B1}
		{97323AE8-0B9A-4700-8BFE-27ABA554F510} = {314D2636-F4AD-4A4F-A887-A1BD545026D9}
		{54A1974F-81A2-4F3F-9662-5AB182383C22} = {314D2636-F4AD-4A4F-A887-A1BD545026D9}
		{BC316074-B2AB-4377-AE26-60F92852FF93} = {314D2636-F4AD-4A4F-A887-A1BD545026D9}
		{ADDC2D81-03B5-4E3C-B09A-AB20F8964B25} = {314D2636-F4AD-4A4F-A887-A1BD545026D9}
		{C4CEFD5A-570A-4DE5-940F-65FAA9067C48} = {314D2636-F4AD-4A4F-A887-A1BD545026D9}
		{B35AF490-05BC-4BED-B4B8-CB2990836CB0} = {FAC69778-BB75-4B68-9FBE-74A8911F02B1}
		{2CDD5B51-9E00-48A0-9931-E603B5AF7CF1} = {FAC69778-BB75-4B68-9FBE-74A8911F02B1}
		{CFB60B25-D11F-41B5-9361-14FD10F51189} = {FAC69778-BB75-4B68-9FBE-74A8911F02B1}
		{E511D161-CD8C-494E-9CF1-CD1B1FB1DA70} = {FAC69778-BB75-4B68-9FBE-74A8911F02B1}
		{F8DA5492-A6C3-450C-9942-57E4DA2FD19F} = {D58DDE5F-2F93-4C37-A65C-B77D1D414CAF}
		{61FB4A97-D15E-441A-B6F2-4A652A5D51D3} = {D58DDE5F-2F93-4C37-A65C-B77D1D414CAF}
		{F8641DFF-0AD6-4B86-A02A-42C178E06C8A} = {F8DA5492-A6C3-450C-9942-57E4DA2FD19F}
		{822D049E-0A70-4405-8B84-099A364107CF} = {F8DA5492-A6C3-450C-9942-57E4DA2FD19F}
	EndGlobalSection
	GlobalSection(ProjectConfigurationPlatforms) = postSolution
		{9F364E96-3D3E-4CA7-B918-9C00E3C0B4D9}.Debug|Any CPU.ActiveCfg = Debug|Any CPU
		{9F364E96-3D3E-4CA7-B918-9C00E3C0B4D9}.Debug|Any CPU.Build.0 = Debug|Any CPU
		{9F364E96-3D3E-4CA7-B918-9C00E3C0B4D9}.Release|Any CPU.ActiveCfg = Release|Any CPU
		{9F364E96-3D3E-4CA7-B918-9C00E3C0B4D9}.Release|Any CPU.Build.0 = Release|Any CPU
		{B8976D12-737C-4773-874A-63E23EF689CD}.Debug|Any CPU.ActiveCfg = Debug|Any CPU
		{B8976D12-737C-4773-874A-63E23EF689CD}.Debug|Any CPU.Build.0 = Debug|Any CPU
		{B8976D12-737C-4773-874A-63E23EF689CD}.Release|Any CPU.ActiveCfg = Release|Any CPU
		{B8976D12-737C-4773-874A-63E23EF689CD}.Release|Any CPU.Build.0 = Release|Any CPU
		{97323AE8-0B9A-4700-8BFE-27ABA554F510}.Debug|Any CPU.ActiveCfg = Debug|Any CPU
		{97323AE8-0B9A-4700-8BFE-27ABA554F510}.Debug|Any CPU.Build.0 = Debug|Any CPU
		{97323AE8-0B9A-4700-8BFE-27ABA554F510}.Release|Any CPU.ActiveCfg = Release|Any CPU
		{97323AE8-0B9A-4700-8BFE-27ABA554F510}.Release|Any CPU.Build.0 = Release|Any CPU
		{54A1974F-81A2-4F3F-9662-5AB182383C22}.Debug|Any CPU.ActiveCfg = Debug|Any CPU
		{54A1974F-81A2-4F3F-9662-5AB182383C22}.Debug|Any CPU.Build.0 = Debug|Any CPU
		{54A1974F-81A2-4F3F-9662-5AB182383C22}.Release|Any CPU.ActiveCfg = Release|Any CPU
		{54A1974F-81A2-4F3F-9662-5AB182383C22}.Release|Any CPU.Build.0 = Release|Any CPU
		{BC316074-B2AB-4377-AE26-60F92852FF93}.Debug|Any CPU.ActiveCfg = Debug|Any CPU
		{BC316074-B2AB-4377-AE26-60F92852FF93}.Debug|Any CPU.Build.0 = Debug|Any CPU
		{BC316074-B2AB-4377-AE26-60F92852FF93}.Release|Any CPU.ActiveCfg = Release|Any CPU
		{BC316074-B2AB-4377-AE26-60F92852FF93}.Release|Any CPU.Build.0 = Release|Any CPU
		{ADDC2D81-03B5-4E3C-B09A-AB20F8964B25}.Debug|Any CPU.ActiveCfg = Debug|Any CPU
		{ADDC2D81-03B5-4E3C-B09A-AB20F8964B25}.Debug|Any CPU.Build.0 = Debug|Any CPU
		{ADDC2D81-03B5-4E3C-B09A-AB20F8964B25}.Release|Any CPU.ActiveCfg = Release|Any CPU
		{ADDC2D81-03B5-4E3C-B09A-AB20F8964B25}.Release|Any CPU.Build.0 = Release|Any CPU
		{C4CEFD5A-570A-4DE5-940F-65FAA9067C48}.Debug|Any CPU.ActiveCfg = Debug|Any CPU
		{C4CEFD5A-570A-4DE5-940F-65FAA9067C48}.Debug|Any CPU.Build.0 = Debug|Any CPU
		{C4CEFD5A-570A-4DE5-940F-65FAA9067C48}.Release|Any CPU.ActiveCfg = Release|Any CPU
		{C4CEFD5A-570A-4DE5-940F-65FAA9067C48}.Release|Any CPU.Build.0 = Release|Any CPU
	EndGlobalSection
EndGlobal
